
Microsoft Visual Studio Solution File, Format Version 12.00
# Visual Studio Version 17
VisualStudioVersion = 17.13.35913.81 d17.13
MinimumVisualStudioVersion = 10.0.40219.1
Project("{FAE04EC0-301F-11D3-BF4B-00C04F79EFBC}") = "WorkingWithObservableCollection", "WorkingWithObservableCollection.csproj", "{0EF7D4BF-F38C-4172-AD6F-E6446CA74CD7}"
EndProject
Global
	GlobalSection(SolutionConfigurationPlatforms) = preSolution
		Debug|Any CPU = Debug|Any CPU
		Release|Any CPU = Release|Any CPU
	EndGlobalSection
	GlobalSection(ProjectConfigurationPlatforms) = postSolution
		{0EF7D4BF-F38C-4172-AD6F-E6446CA74CD7}.Debug|Any CPU.ActiveCfg = Debug|Any CPU
		{0EF7D4BF-F38C-4172-AD6F-E6446CA74CD7}.Debug|Any CPU.Build.0 = Debug|Any CPU
		{0EF7D4BF-F38C-4172-AD6F-E6446CA74CD7}.Release|Any CPU.ActiveCfg = Release|Any CPU
		{0EF7D4BF-F38C-4172-AD6F-E6446CA74CD7}.Release|Any CPU.Build.0 = Release|Any CPU
	EndGlobalSection
	GlobalSection(SolutionProperties) = preSolution
		HideSolutionNode = FALSE
	EndGlobalSection
	GlobalSection(ExtensibilityGlobals) = postSolution
		SolutionGuid = {8D4B8C9D-8FDB-43D0-9AF4-8E7A7FD0B015}
	EndGlobalSection
EndGlobal
