
Microsoft Visual Studio Solution File, Format Version 12.00
# Visual Studio Version 17
VisualStudioVersion = 17.13.35913.81 d17.13
MinimumVisualStudioVersion = 10.0.40219.1
Project("{FAE04EC0-301F-11D3-BF4B-00C04F79EFBC}") = "LinqWithSortedList", "LinqWithSortedList.csproj", "{286278F7-F025-48EB-AF97-146B4AEF2820}"
EndProject
Global
	GlobalSection(SolutionConfigurationPlatforms) = preSolution
		Debug|Any CPU = Debug|Any CPU
		Release|Any CPU = Release|Any CPU
	EndGlobalSection
	GlobalSection(ProjectConfigurationPlatforms) = postSolution
		{286278F7-F025-48EB-AF97-146B4AEF2820}.Debug|Any CPU.ActiveCfg = Debug|Any CPU
		{286278F7-F025-48EB-AF97-146B4AEF2820}.Debug|Any CPU.Build.0 = Debug|Any CPU
		{286278F7-F025-48EB-AF97-146B4AEF2820}.Release|Any CPU.ActiveCfg = Release|Any CPU
		{286278F7-F025-48EB-AF97-146B4AEF2820}.Release|Any CPU.Build.0 = Release|Any CPU
	EndGlobalSection
	GlobalSection(SolutionProperties) = preSolution
		HideSolutionNode = FALSE
	EndGlobalSection
	GlobalSection(ExtensibilityGlobals) = postSolution
		SolutionGuid = {70FA22DB-726C-4455-A9E9-2D0E2C0EB98A}
	EndGlobalSection
EndGlobal
