
Microsoft Visual Studio Solution File, Format Version 12.00
# Visual Studio Version 17
VisualStudioVersion = 17.13.35913.81 d17.13
MinimumVisualStudioVersion = 10.0.40219.1
Project("{FAE04EC0-301F-11D3-BF4B-00C04F79EFBC}") = "PriorityQueue", "PriorityQueue.csproj", "{FD49F040-9763-4654-8AA5-4DA0F5AB4FF7}"
EndProject
Global
	GlobalSection(SolutionConfigurationPlatforms) = preSolution
		Debug|Any CPU = Debug|Any CPU
		Release|Any CPU = Release|Any CPU
	EndGlobalSection
	GlobalSection(ProjectConfigurationPlatforms) = postSolution
		{FD49F040-9763-4654-8AA5-4DA0F5AB4FF7}.Debug|Any CPU.ActiveCfg = Debug|Any CPU
		{FD49F040-9763-4654-8AA5-4DA0F5AB4FF7}.Debug|Any CPU.Build.0 = Debug|Any CPU
		{FD49F040-9763-4654-8AA5-4DA0F5AB4FF7}.Release|Any CPU.ActiveCfg = Release|Any CPU
		{FD49F040-9763-4654-8AA5-4DA0F5AB4FF7}.Release|Any CPU.Build.0 = Release|Any CPU
	EndGlobalSection
	GlobalSection(SolutionProperties) = preSolution
		HideSolutionNode = FALSE
	EndGlobalSection
	GlobalSection(ExtensibilityGlobals) = postSolution
		SolutionGuid = {C334AB33-1B4F-4FD0-B34C-0D4BDBDE34E5}
	EndGlobalSection
EndGlobal
